
Microsoft Visual Studio Solution File, Format Version 12.00
# Visual Studio Version 17
VisualStudioVersion = 17.7.34031.279
MinimumVisualStudioVersion = 10.0.40219.1
Project("{FAE04EC0-301F-11D3-BF4B-00C04F79EFBC}") = "GithubTestProject", "GithubTestProject\GithubTestProject.csproj", "{94525E23-9B20-4499-8E8B-0EB718FF6607}"
EndProject
Global
	GlobalSection(SolutionConfigurationPlatforms) = preSolution
		Debug|Any CPU = Debug|Any CPU
		Release|Any CPU = Release|Any CPU
	EndGlobalSection
	GlobalSection(ProjectConfigurationPlatforms) = postSolution
		{94525E23-9B20-4499-8E8B-0EB718FF6607}.Debug|Any CPU.ActiveCfg = Debug|Any CPU
		{94525E23-9B20-4499-8E8B-0EB718FF6607}.Debug|Any CPU.Build.0 = Debug|Any CPU
		{94525E23-9B20-4499-8E8B-0EB718FF6607}.Release|Any CPU.ActiveCfg = Release|Any CPU
		{94525E23-9B20-4499-8E8B-0EB718FF6607}.Release|Any CPU.Build.0 = Release|Any CPU
	EndGlobalSection
	GlobalSection(SolutionProperties) = preSolution
		HideSolutionNode = FALSE
	EndGlobalSection
	GlobalSection(ExtensibilityGlobals) = postSolution
		SolutionGuid = {40FC0828-5B92-4E99-A0BE-8BB9F3A7BC1E}
	EndGlobalSection
EndGlobal
